Microsoft Visual Studio Solution File, Format Version 12.00
# Visual Studio Version 17
VisualStudioVersion = 17.5.2.0
MinimumVisualStudioVersion = 10.0.40219.1
Project("{FAE04EC0-301F-11D3-BF4B-00C04F79EFBC}") = "NoteAppproject", "NoteAppproject.csproj", "{C698266C-AE2B-6EB5-CD12-EC6D4C468EEB}"
EndProject
Global
	GlobalSection(SolutionConfigurationPlatforms) = preSolution
		Debug|Any CPU = Debug|Any CPU
		Release|Any CPU = Release|Any CPU
	EndGlobalSection
	GlobalSection(ProjectConfigurationPlatforms) = postSolution
		{C698266C-AE2B-6EB5-CD12-EC6D4C468EEB}.Debug|Any CPU.ActiveCfg = Debug|Any CPU
		{C698266C-AE2B-6EB5-CD12-EC6D4C468EEB}.Debug|Any CPU.Build.0 = Debug|Any CPU
		{C698266C-AE2B-6EB5-CD12-EC6D4C468EEB}.Release|Any CPU.ActiveCfg = Release|Any CPU
		{C698266C-AE2B-6EB5-CD12-EC6D4C468EEB}.Release|Any CPU.Build.0 = Release|Any CPU
	EndGlobalSection
	GlobalSection(SolutionProperties) = preSolution
		HideSolutionNode = FALSE
	EndGlobalSection
	GlobalSection(ExtensibilityGlobals) = postSolution
		SolutionGuid = {C6C25EC4-6B17-4CEB-8D8A-5139A011A98C}
	EndGlobalSection
EndGlobal
